
Microsoft Visual Studio Solution File, Format Version 12.00
# Visual Studio Version 17
VisualStudioVersion = 17.11.35327.3
MinimumVisualStudioVersion = 10.0.40219.1
Project("{E24C65DC-7377-472B-9ABA-BC803B73C61A}") = "ResumeBuilder", ".", "{CF1E317B-9F18-484C-9395-8F9974663C41}"
	ProjectSection(WebsiteProperties) = preProject
		TargetFrameworkMoniker = ".NETFramework,Version%3Dv4.8"
		Debug.AspNetCompiler.VirtualPath = "/localhost_56314"
		Debug.AspNetCompiler.PhysicalPath = "..\..\..\Documents\GitHub\Resume-builder\ResumeBuilder\"
		Debug.AspNetCompiler.TargetPath = "PrecompiledWeb\localhost_56314\"
		Debug.AspNetCompiler.Updateable = "true"
		Debug.AspNetCompiler.ForceOverwrite = "true"
		Debug.AspNetCompiler.FixedNames = "false"
		Debug.AspNetCompiler.Debug = "True"
		Release.AspNetCompiler.VirtualPath = "/localhost_56314"
		Release.AspNetCompiler.PhysicalPath = "..\..\..\Documents\GitHub\Resume-builder\ResumeBuilder\"
		Release.AspNetCompiler.TargetPath = "PrecompiledWeb\localhost_56314\"
		Release.AspNetCompiler.Updateable = "true"
		Release.AspNetCompiler.ForceOverwrite = "true"
		Release.AspNetCompiler.FixedNames = "false"
		Release.AspNetCompiler.Debug = "False"
		VWDPort = "56314"
	EndProjectSection
EndProject
Global
	GlobalSection(SolutionConfigurationPlatforms) = preSolution
		Debug|Any CPU = Debug|Any CPU
	EndGlobalSection
	GlobalSection(ProjectConfigurationPlatforms) = postSolution
		{CF1E317B-9F18-484C-9395-8F9974663C41}.Debug|Any CPU.ActiveCfg = Debug|Any CPU
		{CF1E317B-9F18-484C-9395-8F9974663C41}.Debug|Any CPU.Build.0 = Debug|Any CPU
	EndGlobalSection
	GlobalSection(SolutionProperties) = preSolution
		HideSolutionNode = FALSE
	EndGlobalSection
	GlobalSection(ExtensibilityGlobals) = postSolution
		SolutionGuid = {414A629D-3B7A-47AE-866F-4A4D95F4AF05}
	EndGlobalSection
EndGlobal
